
Microsoft Visual Studio Solution File, Format Version 12.00
# Visual Studio Version 17
VisualStudioVersion = 17.8.34511.84
MinimumVisualStudioVersion = 10.0.40219.1
Project("{9A19103F-16F7-4668-BE54-9A1E7A4F7556}") = "llama2.cs", "src\llama2.cs\llama2.cs.csproj", "{DC281C3C-5996-45E9-A05D-42411D5AF2ED}"
EndProject
Global
	GlobalSection(SolutionConfigurationPlatforms) = preSolution
		Debug|Any CPU = Debug|Any CPU
		Release|Any CPU = Release|Any CPU
	EndGlobalSection
	GlobalSection(ProjectConfigurationPlatforms) = postSolution
		{DC281C3C-5996-45E9-A05D-42411D5AF2ED}.Debug|Any CPU.ActiveCfg = Debug|Any CPU
		{DC281C3C-5996-45E9-A05D-42411D5AF2ED}.Debug|Any CPU.Build.0 = Debug|Any CPU
		{DC281C3C-5996-45E9-A05D-42411D5AF2ED}.Release|Any CPU.ActiveCfg = Release|Any CPU
		{DC281C3C-5996-45E9-A05D-42411D5AF2ED}.Release|Any CPU.Build.0 = Release|Any CPU
	EndGlobalSection
	GlobalSection(SolutionProperties) = preSolution
		HideSolutionNode = FALSE
	EndGlobalSection
	GlobalSection(ExtensibilityGlobals) = postSolution
		SolutionGuid = {1DADC52B-A673-499F-9873-732B34798FDC}
	EndGlobalSection
EndGlobal
